# THIS IS AN AUTOGENERATED FILE. DO NOT EDIT THIS FILE DIRECTLY.
# yarn lockfile v1


dayjs@^1.8.18:
  version "1.10.7"
  resolved "https://registry.yarnpkg.com/dayjs/-/dayjs-1.10.7.tgz#2cf5f91add28116748440866a0a1d26f3a6ce468"
  integrity sha512-P6twpd70BcPK34K26uJ1KT3wlhpuOAPoMwJzpsIWUxHZ7wpmbdZL/hQqBDfz7hGurYSa5PhzdhDHtt319hL3ig==

jalaliday@^2.2.5:
  version "2.3.0"
  resolved "https://registry.yarnpkg.com/jalaliday/-/jalaliday-2.3.0.tgz#f986b30e294ab34ac9c8dca22d94bdc37585cf7f"
  integrity sha512-B/m3TqsRrTFED/HBDqON6rPKe0MpoLxNICZ5uZeZ/scHJUHKQNr1n+wdZSj8MxrY1Bmo05gllZeNEw4beXd2oQ==
